
Microsoft Visual Studio Solution File, Format Version 12.00
# Visual Studio Version 17
VisualStudioVersion = 17.10.34928.147
MinimumVisualStudioVersion = 10.0.40219.1
Project("{FAE04EC0-301F-11D3-BF4B-00C04F79EFBC}") = "SpPythonApp", "SpPythonApp\SpPythonApp.csproj", "{30AD68BC-B0E9-4D33-9CDD-97495BA2B6FD}"
EndProject
Global
	GlobalSection(SolutionConfigurationPlatforms) = preSolution
		Debug|Any CPU = Debug|Any CPU
		Release|Any CPU = Release|Any CPU
	EndGlobalSection
	GlobalSection(ProjectConfigurationPlatforms) = postSolution
		{30AD68BC-B0E9-4D33-9CDD-97495BA2B6FD}.Debug|Any CPU.ActiveCfg = Debug|Any CPU
		{30AD68BC-B0E9-4D33-9CDD-97495BA2B6FD}.Debug|Any CPU.Build.0 = Debug|Any CPU
		{30AD68BC-B0E9-4D33-9CDD-97495BA2B6FD}.Release|Any CPU.ActiveCfg = Release|Any CPU
		{30AD68BC-B0E9-4D33-9CDD-97495BA2B6FD}.Release|Any CPU.Build.0 = Release|Any CPU
	EndGlobalSection
	GlobalSection(SolutionProperties) = preSolution
		HideSolutionNode = FALSE
	EndGlobalSection
	GlobalSection(ExtensibilityGlobals) = postSolution
		SolutionGuid = {3406F1C2-67B6-4819-BFAC-D1013F4CC5E2}
	EndGlobalSection
EndGlobal
